
Microsoft Visual Studio Solution File, Format Version 12.00
# Visual Studio Version 17
VisualStudioVersion = 17.7.34221.43
MinimumVisualStudioVersion = 10.0.40219.1
Project("{9A19103F-16F7-4668-BE54-9A1E7A4F7556}") = "EatMe.Client", "EatMe.Client\EatMe.Client.csproj", "{0881A712-1810-487A-B42F-52B58DA43DB9}"
EndProject
Project("{FAE04EC0-301F-11D3-BF4B-00C04F79EFBC}") = "EatMe.Shared", "EatMe.Shared\EatMe.Shared.csproj", "{B04F96F8-ED6A-4A12-A6C5-DD9B6B5C17E7}"
EndProject
Global
	GlobalSection(SolutionConfigurationPlatforms) = preSolution
		Debug|Any CPU = Debug|Any CPU
		Release|Any CPU = Release|Any CPU
	EndGlobalSection
	GlobalSection(ProjectConfigurationPlatforms) = postSolution
		{0881A712-1810-487A-B42F-52B58DA43DB9}.Debug|Any CPU.ActiveCfg = Debug|Any CPU
		{0881A712-1810-487A-B42F-52B58DA43DB9}.Debug|Any CPU.Build.0 = Debug|Any CPU
		{0881A712-1810-487A-B42F-52B58DA43DB9}.Debug|Any CPU.Deploy.0 = Debug|Any CPU
		{0881A712-1810-487A-B42F-52B58DA43DB9}.Release|Any CPU.ActiveCfg = Release|Any CPU
		{0881A712-1810-487A-B42F-52B58DA43DB9}.Release|Any CPU.Build.0 = Release|Any CPU
		{0881A712-1810-487A-B42F-52B58DA43DB9}.Release|Any CPU.Deploy.0 = Release|Any CPU
		{B04F96F8-ED6A-4A12-A6C5-DD9B6B5C17E7}.Debug|Any CPU.ActiveCfg = Debug|Any CPU
		{B04F96F8-ED6A-4A12-A6C5-DD9B6B5C17E7}.Debug|Any CPU.Build.0 = Debug|Any CPU
		{B04F96F8-ED6A-4A12-A6C5-DD9B6B5C17E7}.Release|Any CPU.ActiveCfg = Release|Any CPU
		{B04F96F8-ED6A-4A12-A6C5-DD9B6B5C17E7}.Release|Any CPU.Build.0 = Release|Any CPU
	EndGlobalSection
	GlobalSection(SolutionProperties) = preSolution
		HideSolutionNode = FALSE
	EndGlobalSection
	GlobalSection(ExtensibilityGlobals) = postSolution
		SolutionGuid = {1C3E361F-6238-496E-9B0A-6F97D6B3C55D}
	EndGlobalSection
EndGlobal
